
Microsoft Visual Studio Solution File, Format Version 12.00
# Visual Studio Version 17
VisualStudioVersion = 17.12.35707.178
MinimumVisualStudioVersion = 10.0.40219.1
Project("{FAE04EC0-301F-11D3-BF4B-00C04F79EFBC}") = "DVLD", "DVLD.csproj", "{B5301DFD-9023-4B60-8580-BA0888E4D76E}"
EndProject
Project("{FAE04EC0-301F-11D3-BF4B-00C04F79EFBC}") = "DataLayer", "..\DataLayer\DataLayer.csproj", "{1C19D069-6263-45A9-9E12-E8AAB7C6852C}"
EndProject
Project("{FAE04EC0-301F-11D3-BF4B-00C04F79EFBC}") = "DVLDBussinesLibary", "..\DVLDBussinesLibary\DVLDBussinesLibary.csproj", "{E8ECBC19-26E5-4267-9F1D-BE6DB9EF6B24}"
EndProject
Global
	GlobalSection(SolutionConfigurationPlatforms) = preSolution
		Debug|Any CPU = Debug|Any CPU
		Release|Any CPU = Release|Any CPU
	EndGlobalSection
	GlobalSection(ProjectConfigurationPlatforms) = postSolution
		{B5301DFD-9023-4B60-8580-BA0888E4D76E}.Debug|Any CPU.ActiveCfg = Debug|Any CPU
		{B5301DFD-9023-4B60-8580-BA0888E4D76E}.Debug|Any CPU.Build.0 = Debug|Any CPU
		{B5301DFD-9023-4B60-8580-BA0888E4D76E}.Release|Any CPU.ActiveCfg = Release|Any CPU
		{B5301DFD-9023-4B60-8580-BA0888E4D76E}.Release|Any CPU.Build.0 = Release|Any CPU
		{1C19D069-6263-45A9-9E12-E8AAB7C6852C}.Debug|Any CPU.ActiveCfg = Debug|Any CPU
		{1C19D069-6263-45A9-9E12-E8AAB7C6852C}.Debug|Any CPU.Build.0 = Debug|Any CPU
		{1C19D069-6263-45A9-9E12-E8AAB7C6852C}.Release|Any CPU.ActiveCfg = Release|Any CPU
		{1C19D069-6263-45A9-9E12-E8AAB7C6852C}.Release|Any CPU.Build.0 = Release|Any CPU
		{E8ECBC19-26E5-4267-9F1D-BE6DB9EF6B24}.Debug|Any CPU.ActiveCfg = Debug|Any CPU
		{E8ECBC19-26E5-4267-9F1D-BE6DB9EF6B24}.Debug|Any CPU.Build.0 = Debug|Any CPU
		{E8ECBC19-26E5-4267-9F1D-BE6DB9EF6B24}.Release|Any CPU.ActiveCfg = Release|Any CPU
		{E8ECBC19-26E5-4267-9F1D-BE6DB9EF6B24}.Release|Any CPU.Build.0 = Release|Any CPU
	EndGlobalSection
	GlobalSection(SolutionProperties) = preSolution
		HideSolutionNode = FALSE
	EndGlobalSection
EndGlobal
